
Microsoft Visual Studio Solution File, Format Version 12.00
# Visual Studio 14
VisualStudioVersion = 14.0.23107.0
MinimumVisualStudioVersion = 10.0.40219.1
Project("{FAE04EC0-301F-11D3-BF4B-00C04F79EFBC}") = "GameProtocols", "GameProtocols.csproj", "{42144D92-CBEC-48AF-9910-6472091EEB16}"
EndProject
Project("{FAE04EC0-301F-11D3-BF4B-00C04F79EFBC}") = "GameProtocolsData", "GameProtocolsData.csproj", "{45992E12-0FE2-4067-B12F-877CDDB92B76}"
EndProject
Project("{FAE04EC0-301F-11D3-BF4B-00C04F79EFBC}") = "protobuf-net", "F:\2018_Game\Game\Protobu-net\protobuf-net-r668\protobuf-net-r668\protobuf-net\protobuf-net.csproj", "{8374E4D7-2A91-48F1-9360-09B09CF27C3F}"
EndProject
Global
	GlobalSection(SolutionConfigurationPlatforms) = preSolution
		CoreOnly|Any CPU = CoreOnly|Any CPU
		CoreOnly|x86 = CoreOnly|x86
		Debug|Any CPU = Debug|Any CPU
		Debug|x86 = Debug|x86
		iOS|Any CPU = iOS|Any CPU
		iOS|x86 = iOS|x86
		Net20|Any CPU = Net20|Any CPU
		Net20|x86 = Net20|x86
		Profile|Any CPU = Profile|Any CPU
		Profile|x86 = Profile|x86
		Release|Any CPU = Release|Any CPU
		Release|x86 = Release|x86
		Silverlight2|Any CPU = Silverlight2|Any CPU
		Silverlight2|x86 = Silverlight2|x86
		Unity|Any CPU = Unity|Any CPU
		Unity|x86 = Unity|x86
	EndGlobalSection
	GlobalSection(ProjectConfigurationPlatforms) = postSolution
		{42144D92-CBEC-48AF-9910-6472091EEB16}.CoreOnly|Any CPU.ActiveCfg = Release|x86
		{42144D92-CBEC-48AF-9910-6472091EEB16}.CoreOnly|Any CPU.Build.0 = Release|x86
		{42144D92-CBEC-48AF-9910-6472091EEB16}.CoreOnly|x86.ActiveCfg = Release|x86
		{42144D92-CBEC-48AF-9910-6472091EEB16}.CoreOnly|x86.Build.0 = Release|x86
		{42144D92-CBEC-48AF-9910-6472091EEB16}.Debug|Any CPU.ActiveCfg = Debug|x86
		{42144D92-CBEC-48AF-9910-6472091EEB16}.Debug|x86.ActiveCfg = Debug|x86
		{42144D92-CBEC-48AF-9910-6472091EEB16}.Debug|x86.Build.0 = Debug|x86
		{42144D92-CBEC-48AF-9910-6472091EEB16}.iOS|Any CPU.ActiveCfg = Release|x86
		{42144D92-CBEC-48AF-9910-6472091EEB16}.iOS|Any CPU.Build.0 = Release|x86
		{42144D92-CBEC-48AF-9910-6472091EEB16}.iOS|x86.ActiveCfg = Release|x86
		{42144D92-CBEC-48AF-9910-6472091EEB16}.iOS|x86.Build.0 = Release|x86
		{42144D92-CBEC-48AF-9910-6472091EEB16}.Net20|Any CPU.ActiveCfg = Release|x86
		{42144D92-CBEC-48AF-9910-6472091EEB16}.Net20|Any CPU.Build.0 = Release|x86
		{42144D92-CBEC-48AF-9910-6472091EEB16}.Net20|x86.ActiveCfg = Release|x86
		{42144D92-CBEC-48AF-9910-6472091EEB16}.Net20|x86.Build.0 = Release|x86
		{42144D92-CBEC-48AF-9910-6472091EEB16}.Profile|Any CPU.ActiveCfg = Release|x86
		{42144D92-CBEC-48AF-9910-6472091EEB16}.Profile|Any CPU.Build.0 = Release|x86
		{42144D92-CBEC-48AF-9910-6472091EEB16}.Profile|x86.ActiveCfg = Release|x86
		{42144D92-CBEC-48AF-9910-6472091EEB16}.Profile|x86.Build.0 = Release|x86
		{42144D92-CBEC-48AF-9910-6472091EEB16}.Release|Any CPU.ActiveCfg = Release|x86
		{42144D92-CBEC-48AF-9910-6472091EEB16}.Release|x86.ActiveCfg = Release|x86
		{42144D92-CBEC-48AF-9910-6472091EEB16}.Release|x86.Build.0 = Release|x86
		{42144D92-CBEC-48AF-9910-6472091EEB16}.Silverlight2|Any CPU.ActiveCfg = Release|x86
		{42144D92-CBEC-48AF-9910-6472091EEB16}.Silverlight2|Any CPU.Build.0 = Release|x86
		{42144D92-CBEC-48AF-9910-6472091EEB16}.Silverlight2|x86.ActiveCfg = Release|x86
		{42144D92-CBEC-48AF-9910-6472091EEB16}.Silverlight2|x86.Build.0 = Release|x86
		{42144D92-CBEC-48AF-9910-6472091EEB16}.Unity|Any CPU.ActiveCfg = Release|x86
		{42144D92-CBEC-48AF-9910-6472091EEB16}.Unity|Any CPU.Build.0 = Release|x86
		{42144D92-CBEC-48AF-9910-6472091EEB16}.Unity|x86.ActiveCfg = Release|x86
		{42144D92-CBEC-48AF-9910-6472091EEB16}.Unity|x86.Build.0 = Release|x86
		{45992E12-0FE2-4067-B12F-877CDDB92B76}.CoreOnly|Any CPU.ActiveCfg = Release|x86
		{45992E12-0FE2-4067-B12F-877CDDB92B76}.CoreOnly|Any CPU.Build.0 = Release|x86
		{45992E12-0FE2-4067-B12F-877CDDB92B76}.CoreOnly|x86.ActiveCfg = Release|x86
		{45992E12-0FE2-4067-B12F-877CDDB92B76}.CoreOnly|x86.Build.0 = Release|x86
		{45992E12-0FE2-4067-B12F-877CDDB92B76}.Debug|Any CPU.ActiveCfg = Debug|x86
		{45992E12-0FE2-4067-B12F-877CDDB92B76}.Debug|x86.ActiveCfg = Debug|x86
		{45992E12-0FE2-4067-B12F-877CDDB92B76}.Debug|x86.Build.0 = Debug|x86
		{45992E12-0FE2-4067-B12F-877CDDB92B76}.iOS|Any CPU.ActiveCfg = Release|x86
		{45992E12-0FE2-4067-B12F-877CDDB92B76}.iOS|Any CPU.Build.0 = Release|x86
		{45992E12-0FE2-4067-B12F-877CDDB92B76}.iOS|x86.ActiveCfg = Release|x86
		{45992E12-0FE2-4067-B12F-877CDDB92B76}.iOS|x86.Build.0 = Release|x86
		{45992E12-0FE2-4067-B12F-877CDDB92B76}.Net20|Any CPU.ActiveCfg = Release|x86
		{45992E12-0FE2-4067-B12F-877CDDB92B76}.Net20|Any CPU.Build.0 = Release|x86
		{45992E12-0FE2-4067-B12F-877CDDB92B76}.Net20|x86.ActiveCfg = Release|x86
		{45992E12-0FE2-4067-B12F-877CDDB92B76}.Net20|x86.Build.0 = Release|x86
		{45992E12-0FE2-4067-B12F-877CDDB92B76}.Profile|Any CPU.ActiveCfg = Release|x86
		{45992E12-0FE2-4067-B12F-877CDDB92B76}.Profile|Any CPU.Build.0 = Release|x86
		{45992E12-0FE2-4067-B12F-877CDDB92B76}.Profile|x86.ActiveCfg = Release|x86
		{45992E12-0FE2-4067-B12F-877CDDB92B76}.Profile|x86.Build.0 = Release|x86
		{45992E12-0FE2-4067-B12F-877CDDB92B76}.Release|Any CPU.ActiveCfg = Release|x86
		{45992E12-0FE2-4067-B12F-877CDDB92B76}.Release|x86.ActiveCfg = Release|x86
		{45992E12-0FE2-4067-B12F-877CDDB92B76}.Release|x86.Build.0 = Release|x86
		{45992E12-0FE2-4067-B12F-877CDDB92B76}.Silverlight2|Any CPU.ActiveCfg = Release|x86
		{45992E12-0FE2-4067-B12F-877CDDB92B76}.Silverlight2|Any CPU.Build.0 = Release|x86
		{45992E12-0FE2-4067-B12F-877CDDB92B76}.Silverlight2|x86.ActiveCfg = Release|x86
		{45992E12-0FE2-4067-B12F-877CDDB92B76}.Silverlight2|x86.Build.0 = Release|x86
		{45992E12-0FE2-4067-B12F-877CDDB92B76}.Unity|Any CPU.ActiveCfg = Release|x86
		{45992E12-0FE2-4067-B12F-877CDDB92B76}.Unity|Any CPU.Build.0 = Release|x86
		{45992E12-0FE2-4067-B12F-877CDDB92B76}.Unity|x86.ActiveCfg = Release|x86
		{45992E12-0FE2-4067-B12F-877CDDB92B76}.Unity|x86.Build.0 = Release|x86
		{8374E4D7-2A91-48F1-9360-09B09CF27C3F}.CoreOnly|Any CPU.ActiveCfg = CoreOnly|Any CPU
		{8374E4D7-2A91-48F1-9360-09B09CF27C3F}.CoreOnly|Any CPU.Build.0 = CoreOnly|Any CPU
		{8374E4D7-2A91-48F1-9360-09B09CF27C3F}.CoreOnly|x86.ActiveCfg = CoreOnly|Any CPU
		{8374E4D7-2A91-48F1-9360-09B09CF27C3F}.CoreOnly|x86.Build.0 = CoreOnly|Any CPU
		{8374E4D7-2A91-48F1-9360-09B09CF27C3F}.Debug|Any CPU.ActiveCfg = Debug|Any CPU
		{8374E4D7-2A91-48F1-9360-09B09CF27C3F}.Debug|Any CPU.Build.0 = Debug|Any CPU
		{8374E4D7-2A91-48F1-9360-09B09CF27C3F}.Debug|x86.ActiveCfg = Debug|Any CPU
		{8374E4D7-2A91-48F1-9360-09B09CF27C3F}.Debug|x86.Build.0 = Debug|Any CPU
		{8374E4D7-2A91-48F1-9360-09B09CF27C3F}.iOS|Any CPU.ActiveCfg = iOS|Any CPU
		{8374E4D7-2A91-48F1-9360-09B09CF27C3F}.iOS|Any CPU.Build.0 = iOS|Any CPU
		{8374E4D7-2A91-48F1-9360-09B09CF27C3F}.iOS|x86.ActiveCfg = iOS|Any CPU
		{8374E4D7-2A91-48F1-9360-09B09CF27C3F}.iOS|x86.Build.0 = iOS|Any CPU
		{8374E4D7-2A91-48F1-9360-09B09CF27C3F}.Net20|Any CPU.ActiveCfg = Net20|Any CPU
		{8374E4D7-2A91-48F1-9360-09B09CF27C3F}.Net20|Any CPU.Build.0 = Net20|Any CPU
		{8374E4D7-2A91-48F1-9360-09B09CF27C3F}.Net20|x86.ActiveCfg = Net20|Any CPU
		{8374E4D7-2A91-48F1-9360-09B09CF27C3F}.Net20|x86.Build.0 = Net20|Any CPU
		{8374E4D7-2A91-48F1-9360-09B09CF27C3F}.Profile|Any CPU.ActiveCfg = Profile|Any CPU
		{8374E4D7-2A91-48F1-9360-09B09CF27C3F}.Profile|Any CPU.Build.0 = Profile|Any CPU
		{8374E4D7-2A91-48F1-9360-09B09CF27C3F}.Profile|x86.ActiveCfg = Profile|Any CPU
		{8374E4D7-2A91-48F1-9360-09B09CF27C3F}.Profile|x86.Build.0 = Profile|Any CPU
		{8374E4D7-2A91-48F1-9360-09B09CF27C3F}.Release|Any CPU.ActiveCfg = Release|Any CPU
		{8374E4D7-2A91-48F1-9360-09B09CF27C3F}.Release|Any CPU.Build.0 = Release|Any CPU
		{8374E4D7-2A91-48F1-9360-09B09CF27C3F}.Release|x86.ActiveCfg = Release|Any CPU
		{8374E4D7-2A91-48F1-9360-09B09CF27C3F}.Release|x86.Build.0 = Release|Any CPU
		{8374E4D7-2A91-48F1-9360-09B09CF27C3F}.Silverlight2|Any CPU.ActiveCfg = Silverlight2|Any CPU
		{8374E4D7-2A91-48F1-9360-09B09CF27C3F}.Silverlight2|Any CPU.Build.0 = Silverlight2|Any CPU
		{8374E4D7-2A91-48F1-9360-09B09CF27C3F}.Silverlight2|x86.ActiveCfg = Silverlight2|Any CPU
		{8374E4D7-2A91-48F1-9360-09B09CF27C3F}.Silverlight2|x86.Build.0 = Silverlight2|Any CPU
		{8374E4D7-2A91-48F1-9360-09B09CF27C3F}.Unity|Any CPU.ActiveCfg = Unity|Any CPU
		{8374E4D7-2A91-48F1-9360-09B09CF27C3F}.Unity|Any CPU.Build.0 = Unity|Any CPU
		{8374E4D7-2A91-48F1-9360-09B09CF27C3F}.Unity|x86.ActiveCfg = Unity|Any CPU
		{8374E4D7-2A91-48F1-9360-09B09CF27C3F}.Unity|x86.Build.0 = Unity|Any CPU
	EndGlobalSection
	GlobalSection(SolutionProperties) = preSolution
		HideSolutionNode = FALSE
	EndGlobalSection
EndGlobal
