
Microsoft Visual Studio Solution File, Format Version 12.00
# Visual Studio 14
VisualStudioVersion = 14.0.23107.0
MinimumVisualStudioVersion = 10.0.40219.1
Project("{FAE04EC0-301F-11D3-BF4B-00C04F79EFBC}") = "ProtoGen", "ProtoGen.csproj", "{F6CBE303-3B5F-4CCC-B0B7-D81A6BD462C9}"
EndProject
Global
	GlobalSection(SolutionConfigurationPlatforms) = preSolution
		CoreOnly|Any CPU = CoreOnly|Any CPU
		Debug|Any CPU = Debug|Any CPU
		iOS|Any CPU = iOS|Any CPU
		Release|Any CPU = Release|Any CPU
		Unity|Any CPU = Unity|Any CPU
	EndGlobalSection
	GlobalSection(ProjectConfigurationPlatforms) = postSolution
		{F6CBE303-3B5F-4CCC-B0B7-D81A6BD462C9}.CoreOnly|Any CPU.ActiveCfg = CoreOnly|Any CPU
		{F6CBE303-3B5F-4CCC-B0B7-D81A6BD462C9}.CoreOnly|Any CPU.Build.0 = CoreOnly|Any CPU
		{F6CBE303-3B5F-4CCC-B0B7-D81A6BD462C9}.Debug|Any CPU.ActiveCfg = Debug|Any CPU
		{F6CBE303-3B5F-4CCC-B0B7-D81A6BD462C9}.Debug|Any CPU.Build.0 = Debug|Any CPU
		{F6CBE303-3B5F-4CCC-B0B7-D81A6BD462C9}.iOS|Any CPU.ActiveCfg = iOS|Any CPU
		{F6CBE303-3B5F-4CCC-B0B7-D81A6BD462C9}.iOS|Any CPU.Build.0 = iOS|Any CPU
		{F6CBE303-3B5F-4CCC-B0B7-D81A6BD462C9}.Release|Any CPU.ActiveCfg = Release|Any CPU
		{F6CBE303-3B5F-4CCC-B0B7-D81A6BD462C9}.Release|Any CPU.Build.0 = Release|Any CPU
		{F6CBE303-3B5F-4CCC-B0B7-D81A6BD462C9}.Unity|Any CPU.ActiveCfg = Unity|Any CPU
		{F6CBE303-3B5F-4CCC-B0B7-D81A6BD462C9}.Unity|Any CPU.Build.0 = Unity|Any CPU
	EndGlobalSection
	GlobalSection(SolutionProperties) = preSolution
		HideSolutionNode = FALSE
	EndGlobalSection
EndGlobal
